// !$*UTF8*$!
{
	archiveVersion = 1;
	classes = {
	};
	objectVersion = 52;
	objects = {

/* Begin PBXBuildFile section */
		0102A7E924EB0D800071CDF1 /* FoldersViewModel.swift in Sources */ = {isa = PBXBuildFile; fileRef = 0102A7E824EB0D800071CDF1 /* FoldersViewModel.swift */; };
		0102A7EB24EB12090071CDF1 /* MainView.swift in Sources */ = {isa = PBXBuildFile; fileRef = 0102A7EA24EB12090071CDF1 /* MainView.swift */; };
		01163B5224EB133E001679B1 /* FolderView.swift in Sources */ = {isa = PBXBuildFile; fileRef = 01163B5124EB133E001679B1 /* FolderView.swift */; };
		01163B5524EB1C15001679B1 /* QGrid in Frameworks */ = {isa = PBXBuildFile; productRef = 01163B5424EB1C15001679B1 /* QGrid */; };
		012AA48924E9A1C300B6A802 /* Folder.swift in Sources */ = {isa = PBXBuildFile; fileRef = 012AA48824E9A1C300B6A802 /* Folder.swift */; };
		012AA48B24E9A1E500B6A802 /* SavedLink.swift in Sources */ = {isa = PBXBuildFile; fileRef = 012AA48A24E9A1E500B6A802 /* SavedLink.swift */; };
		012AA48D24E9A5C000B6A802 /* UIGrid.swift in Sources */ = {isa = PBXBuildFile; fileRef = 012AA48C24E9A5C000B6A802 /* UIGrid.swift */; };
		012B8B4824EB2DE900598268 /* TextFieldAlert.swift in Sources */ = {isa = PBXBuildFile; fileRef = 012B8B4724EB2DE900598268 /* TextFieldAlert.swift */; };
		01B27CCD24E996C000BC942E /* AppDelegate.swift in Sources */ = {isa = PBXBuildFile; fileRef = 01B27CCC24E996C000BC942E /* AppDelegate.swift */; };
		01B27CCF24E996C000BC942E /* SceneDelegate.swift in Sources */ = {isa = PBXBuildFile; fileRef = 01B27CCE24E996C000BC942E /* SceneDelegate.swift */; };
		01B27CD124E996C000BC942E /* ContentView.swift in Sources */ = {isa = PBXBuildFile; fileRef = 01B27CD024E996C000BC942E /* ContentView.swift */; };
		01B27CD324E996C200BC942E /* Assets.xcassets in Resources */ = {isa = PBXBuildFile; fileRef = 01B27CD224E996C200BC942E /* Assets.xcassets */; };
		01B27CD624E996C200BC942E /* Preview Assets.xcassets in Resources */ = {isa = PBXBuildFile; fileRef = 01B27CD524E996C200BC942E /* Preview Assets.xcassets */; };
		01B27CD924E996C200BC942E /* LaunchScreen.storyboard in Resources */ = {isa = PBXBuildFile; fileRef = 01B27CD724E996C200BC942E /* LaunchScreen.storyboard */; };
		01B27CE124E998D600BC942E /* GoogleService-Info.plist in Resources */ = {isa = PBXBuildFile; fileRef = 01B27CE024E998D600BC942E /* GoogleService-Info.plist */; };
		0FE9CE070B8CFDBA47422C48 /* Pods_link_manager.framework in Frameworks */ = {isa = PBXBuildFile; fileRef = 44BDD365C1E70295ACCC8EEE /* Pods_link_manager.framework */; };
/* End PBXBuildFile section */

/* Begin PBXFileReference section */
		0102A7E824EB0D800071CDF1 /* FoldersViewModel.swift */ = {isa = PBXFileReference; lastKnownFileType = sourcecode.swift; path = FoldersViewModel.swift; sourceTree = "<group>"; };
		0102A7EA24EB12090071CDF1 /* MainView.swift */ = {isa = PBXFileReference; lastKnownFileType = sourcecode.swift; path = MainView.swift; sourceTree = "<group>"; };
		01163B5124EB133E001679B1 /* FolderView.swift */ = {isa = PBXFileReference; lastKnownFileType = sourcecode.swift; path = FolderView.swift; sourceTree = "<group>"; };
		012AA48824E9A1C300B6A802 /* Folder.swift */ = {isa = PBXFileReference; lastKnownFileType = sourcecode.swift; path = Folder.swift; sourceTree = "<group>"; };
		012AA48A24E9A1E500B6A802 /* SavedLink.swift */ = {isa = PBXFileReference; lastKnownFileType = sourcecode.swift; path = SavedLink.swift; sourceTree = "<group>"; };
		012AA48C24E9A5C000B6A802 /* UIGrid.swift */ = {isa = PBXFileReference; lastKnownFileType = sourcecode.swift; path = UIGrid.swift; sourceTree = "<group>"; };
		012B8B4724EB2DE900598268 /* TextFieldAlert.swift */ = {isa = PBXFileReference; lastKnownFileType = sourcecode.swift; path = TextFieldAlert.swift; sourceTree = "<group>"; };
		01B27CC924E996C000BC942E /* link-manager.app */ = {isa = PBXFileReference; explicitFileType = wrapper.application; includeInIndex = 0; path = "link-manager.app"; sourceTree = BUILT_PRODUCTS_DIR; };
		01B27CCC24E996C000BC942E /* AppDelegate.swift */ = {isa = PBXFileReference; lastKnownFileType = sourcecode.swift; path = AppDelegate.swift; sourceTree = "<group>"; };
		01B27CCE24E996C000BC942E /* SceneDelegate.swift */ = {isa = PBXFileReference; lastKnownFileType = sourcecode.swift; path = SceneDelegate.swift; sourceTree = "<group>"; };
		01B27CD024E996C000BC942E /* ContentView.swift */ = {isa = PBXFileReference; lastKnownFileType = sourcecode.swift; path = ContentView.swift; sourceTree = "<group>"; };
		01B27CD224E996C200BC942E /* Assets.xcassets */ = {isa = PBXFileReference; lastKnownFileType = folder.assetcatalog; path = Assets.xcassets; sourceTree = "<group>"; };
		01B27CD524E996C200BC942E /* Preview Assets.xcassets */ = {isa = PBXFileReference; lastKnownFileType = folder.assetcatalog; path = "Preview Assets.xcassets"; sourceTree = "<group>"; };
		01B27CD824E996C200BC942E /* Base */ = {isa = PBXFileReference; lastKnownFileType = file.storyboard; name = Base; path = Base.lproj/LaunchScreen.storyboard; sourceTree = "<group>"; };
		01B27CDA24E996C200BC942E /* Info.plist */ = {isa = PBXFileReference; lastKnownFileType = text.plist.xml; path = Info.plist; sourceTree = "<group>"; };
		01B27CE024E998D600BC942E /* GoogleService-Info.plist */ = {isa = PBXFileReference; fileEncoding = 4; lastKnownFileType = text.plist.xml; path = "GoogleService-Info.plist"; sourceTree = "<group>"; };
		44BDD365C1E70295ACCC8EEE /* Pods_link_manager.framework */ = {isa = PBXFileReference; explicitFileType = wrapper.framework; includeInIndex = 0; path = Pods_link_manager.framework; sourceTree = BUILT_PRODUCTS_DIR; };
		C44676AEDED0E2CC1B89F384 /* Pods-link-manager.release.xcconfig */ = {isa = PBXFileReference; includeInIndex = 1; lastKnownFileType = text.xcconfig; name = "Pods-link-manager.release.xcconfig"; path = "Target Support Files/Pods-link-manager/Pods-link-manager.release.xcconfig"; sourceTree = "<group>"; };
		D2554B02827FF4AE71B61D78 /* Pods-link-manager.debug.xcconfig */ = {isa = PBXFileReference; includeInIndex = 1; lastKnownFileType = text.xcconfig; name = "Pods-link-manager.debug.xcconfig"; path = "Target Support Files/Pods-link-manager/Pods-link-manager.debug.xcconfig"; sourceTree = "<group>"; };
/* End PBXFileReference section */

/* Begin PBXFrameworksBuildPhase section */
		01B27CC624E996C000BC942E /* Frameworks */ = {
			isa = PBXFrameworksBuildPhase;
			buildActionMask = 2147483647;
			files = (
				01163B5524EB1C15001679B1 /* QGrid in Frameworks */,
				0FE9CE070B8CFDBA47422C48 /* Pods_link_manager.framework in Frameworks */,
			);
			runOnlyForDeploymentPostprocessing = 0;
		};
/* End PBXFrameworksBuildPhase section */

/* Begin PBXGroup section */
		01B27CC024E996C000BC942E = {
			isa = PBXGroup;
			children = (
				01B27CCB24E996C000BC942E /* link-manager */,
				01B27CCA24E996C000BC942E /* Products */,
				89975662D5E6ED04455A1ABE /* Pods */,
				34846CB33C2A2B7FF27617FC /* Frameworks */,
			);
			sourceTree = "<group>";
		};
		01B27CCA24E996C000BC942E /* Products */ = {
			isa = PBXGroup;
			children = (
				01B27CC924E996C000BC942E /* link-manager.app */,
			);
			name = Products;
			sourceTree = "<group>";
		};
		01B27CCB24E996C000BC942E /* link-manager */ = {
			isa = PBXGroup;
			children = (
				01B27CCC24E996C000BC942E /* AppDelegate.swift */,
				01B27CCE24E996C000BC942E /* SceneDelegate.swift */,
				01B27CD024E996C000BC942E /* ContentView.swift */,
				0102A7EA24EB12090071CDF1 /* MainView.swift */,
				01163B5124EB133E001679B1 /* FolderView.swift */,
				012AA48C24E9A5C000B6A802 /* UIGrid.swift */,
				012B8B4724EB2DE900598268 /* TextFieldAlert.swift */,
				012AA48824E9A1C300B6A802 /* Folder.swift */,
				0102A7E824EB0D800071CDF1 /* FoldersViewModel.swift */,
				012AA48A24E9A1E500B6A802 /* SavedLink.swift */,
				01B27CD224E996C200BC942E /* Assets.xcassets */,
				01B27CD724E996C200BC942E /* LaunchScreen.storyboard */,
				01B27CDA24E996C200BC942E /* Info.plist */,
				01B27CE024E998D600BC942E /* GoogleService-Info.plist */,
				01B27CD424E996C200BC942E /* Preview Content */,
			);
			path = "link-manager";
			sourceTree = "<group>";
		};
		01B27CD424E996C200BC942E /* Preview Content */ = {
			isa = PBXGroup;
			children = (
				01B27CD524E996C200BC942E /* Preview Assets.xcassets */,
			);
			path = "Preview Content";
			sourceTree = "<group>";
		};
		34846CB33C2A2B7FF27617FC /* Frameworks */ = {
			isa = PBXGroup;
			children = (
				44BDD365C1E70295ACCC8EEE /* Pods_link_manager.framework */,
			);
			name = Frameworks;
			sourceTree = "<group>";
		};
		89975662D5E6ED04455A1ABE /* Pods */ = {
			isa = PBXGroup;
			children = (
				D2554B02827FF4AE71B61D78 /* Pods-link-manager.debug.xcconfig */,
				C44676AEDED0E2CC1B89F384 /* Pods-link-manager.release.xcconfig */,
			);
			path = Pods;
			sourceTree = "<group>";
		};
/* End PBXGroup section */

/* Begin PBXNativeTarget section */
		01B27CC824E996C000BC942E /* link-manager */ = {
			isa = PBXNativeTarget;
			buildConfigurationList = 01B27CDD24E996C200BC942E /* Build configuration list for PBXNativeTarget "link-manager" */;
			buildPhases = (
				839ADD7D5A68E6F35ED22612 /* [CP] Check Pods Manifest.lock */,
				01B27CC524E996C000BC942E /* Sources */,
				01B27CC624E996C000BC942E /* Frameworks */,
				01B27CC724E996C000BC942E /* Resources */,
				0F64D1F3D43FF1E4D52AB78D /* [CP] Embed Pods Frameworks */,
			);
			buildRules = (
			);
			dependencies = (
			);
			name = "link-manager";
			packageProductDependencies = (
				01163B5424EB1C15001679B1 /* QGrid */,
			);
			productName = "link-manager";
			productReference = 01B27CC924E996C000BC942E /* link-manager.app */;
			productType = "com.apple.product-type.application";
		};
/* End PBXNativeTarget section */

/* Begin PBXProject section */
		01B27CC124E996C000BC942E /* Project object */ = {
			isa = PBXProject;
			attributes = {
				LastSwiftUpdateCheck = 1160;
				LastUpgradeCheck = 1160;
				TargetAttributes = {
					01B27CC824E996C000BC942E = {
						CreatedOnToolsVersion = 11.6;
					};
				};
			};
			buildConfigurationList = 01B27CC424E996C000BC942E /* Build configuration list for PBXProject "link-manager" */;
			compatibilityVersion = "Xcode 9.3";
			developmentRegion = en;
			hasScannedForEncodings = 0;
			knownRegions = (
				en,
				Base,
			);
			mainGroup = 01B27CC024E996C000BC942E;
			packageReferences = (
				01163B5324EB1C15001679B1 /* XCRemoteSwiftPackageReference "QGrid" */,
			);
			productRefGroup = 01B27CCA24E996C000BC942E /* Products */;
			projectDirPath = "";
			projectRoot = "";
			targets = (
				01B27CC824E996C000BC942E /* link-manager */,
			);
		};
/* End PBXProject section */

/* Begin PBXResourcesBuildPhase section */
		01B27CC724E996C000BC942E /* Resources */ = {
			isa = PBXResourcesBuildPhase;
			buildActionMask = 2147483647;
			files = (
				01B27CD924E996C200BC942E /* LaunchScreen.storyboard in Resources */,
				01B27CE124E998D600BC942E /* GoogleService-Info.plist in Resources */,
				01B27CD624E996C200BC942E /* Preview Assets.xcassets in Resources */,
				01B27CD324E996C200BC942E /* Assets.xcassets in Resources */,
			);
			runOnlyForDeploymentPostprocessing = 0;
		};
/* End PBXResourcesBuildPhase section */

/* Begin PBXShellScriptBuildPhase section */
		0F64D1F3D43FF1E4D52AB78D /* [CP] Embed Pods Frameworks */ = {
			isa = PBXShellScriptBuildPhase;
			buildActionMask = 2147483647;
			files = (
			);
			inputFileListPaths = (
				"${PODS_ROOT}/Target Support Files/Pods-link-manager/Pods-link-manager-frameworks-${CONFIGURATION}-input-files.xcfilelist",
			);
			name = "[CP] Embed Pods Frameworks";
			outputFileListPaths = (
				"${PODS_ROOT}/Target Support Files/Pods-link-manager/Pods-link-manager-frameworks-${CONFIGURATION}-output-files.xcfilelist",
			);
			runOnlyForDeploymentPostprocessing = 0;
			shellPath = /bin/sh;
			shellScript = "\"${PODS_ROOT}/Target Support Files/Pods-link-manager/Pods-link-manager-frameworks.sh\"\n";
			showEnvVarsInLog = 0;
		};
		839ADD7D5A68E6F35ED22612 /* [CP] Check Pods Manifest.lock */ = {
			isa = PBXShellScriptBuildPhase;
			buildActionMask = 2147483647;
			files = (
			);
			inputFileListPaths = (
			);
			inputPaths = (
				"${PODS_PODFILE_DIR_PATH}/Podfile.lock",
				"${PODS_ROOT}/Manifest.lock",
			);
			name = "[CP] Check Pods Manifest.lock";
			outputFileListPaths = (
			);
			outputPaths = (
				"$(DERIVED_FILE_DIR)/Pods-link-manager-checkManifestLockResult.txt",
			);
			runOnlyForDeploymentPostprocessing = 0;
			shellPath = /bin/sh;
			shellScript = "diff \"${PODS_PODFILE_DIR_PATH}/Podfile.lock\" \"${PODS_ROOT}/Manifest.lock\" > /dev/null\nif [ $? != 0 ] ; then\n    # print error to STDERR\n    echo \"error: The sandbox is not in sync with the Podfile.lock. Run 'pod install' or update your CocoaPods installation.\" >&2\n    exit 1\nfi\n# This output is used by Xcode 'outputs' to avoid re-running this script phase.\necho \"SUCCESS\" > \"${SCRIPT_OUTPUT_FILE_0}\"\n";
			showEnvVarsInLog = 0;
		};
/* End PBXShellScriptBuildPhase section */

/* Begin PBXSourcesBuildPhase section */
		01B27CC524E996C000BC942E /* Sources */ = {
			isa = PBXSourcesBuildPhase;
			buildActionMask = 2147483647;
			files = (
				012B8B4824EB2DE900598268 /* TextFieldAlert.swift in Sources */,
				012AA48B24E9A1E500B6A802 /* SavedLink.swift in Sources */,
				0102A7EB24EB12090071CDF1 /* MainView.swift in Sources */,
				012AA48D24E9A5C000B6A802 /* UIGrid.swift in Sources */,
				01B27CCD24E996C000BC942E /* AppDelegate.swift in Sources */,
				01B27CCF24E996C000BC942E /* SceneDelegate.swift in Sources */,
				01B27CD124E996C000BC942E /* ContentView.swift in Sources */,
				012AA48924E9A1C300B6A802 /* Folder.swift in Sources */,
				0102A7E924EB0D800071CDF1 /* FoldersViewModel.swift in Sources */,
				01163B5224EB133E001679B1 /* FolderView.swift in Sources */,
			);
			runOnlyForDeploymentPostprocessing = 0;
		};
/* End PBXSourcesBuildPhase section */

/* Begin PBXVariantGroup section */
		01B27CD724E996C200BC942E /* LaunchScreen.storyboard */ = {
			isa = PBXVariantGroup;
			children = (
				01B27CD824E996C200BC942E /* Base */,
			);
			name = LaunchScreen.storyboard;
			sourceTree = "<group>";
		};
/* End PBXVariantGroup section */

/* Begin XCBuildConfiguration section */
		01B27CDB24E996C200BC942E /* Debug */ = {
			isa = XCBuildConfiguration;
			buildSettings = {
				ALWAYS_SEARCH_USER_PATHS = NO;
				CLANG_ANALYZER_NONNULL = YES;
				CLANG_ANALYZER_NUMBER_OBJECT_CONVERSION = YES_AGGRESSIVE;
				CLANG_CXX_LANGUAGE_STANDARD = "gnu++14";
				CLANG_CXX_LIBRARY = "libc++";
				CLANG_ENABLE_MODULES = YES;
				CLANG_ENABLE_OBJC_ARC = YES;
				CLANG_ENABLE_OBJC_WEAK = YES;
				CLANG_WARN_BLOCK_CAPTURE_AUTORELEASING = YES;
				CLANG_WARN_BOOL_CONVERSION = YES;
				CLANG_WARN_COMMA = YES;
				CLANG_WARN_CONSTANT_CONVERSION = YES;
				CLANG_WARN_DEPRECATED_OBJC_IMPLEMENTATIONS = YES;
				CLANG_WARN_DIRECT_OBJC_ISA_USAGE = YES_ERROR;
				CLANG_WARN_DOCUMENTATION_COMMENTS = YES;
				CLANG_WARN_EMPTY_BODY = YES;
				CLANG_WARN_ENUM_CONVERSION = YES;
				CLANG_WARN_INFINITE_RECURSION = YES;
				CLANG_WARN_INT_CONVERSION = YES;
				CLANG_WARN_NON_LITERAL_NULL_CONVERSION = YES;
				CLANG_WARN_OBJC_IMPLICIT_RETAIN_SELF = YES;
				CLANG_WARN_OBJC_LITERAL_CONVERSION = YES;
				CLANG_WARN_OBJC_ROOT_CLASS = YES_ERROR;
				CLANG_WARN_RANGE_LOOP_ANALYSIS = YES;
				CLANG_WARN_STRICT_PROTOTYPES = YES;
				CLANG_WARN_SUSPICIOUS_MOVE = YES;
				CLANG_WARN_UNGUARDED_AVAILABILITY = YES_AGGRESSIVE;
				CLANG_WARN_UNREACHABLE_CODE = YES;
				CLANG_WARN__DUPLICATE_METHOD_MATCH = YES;
				COPY_PHASE_STRIP = NO;
				DEBUG_INFORMATION_FORMAT = dwarf;
				ENABLE_STRICT_OBJC_MSGSEND = YES;
				ENABLE_TESTABILITY = YES;
				GCC_C_LANGUAGE_STANDARD = gnu11;
				GCC_DYNAMIC_NO_PIC = NO;
				GCC_NO_COMMON_BLOCKS = YES;
				GCC_OPTIMIZATION_LEVEL = 0;
				GCC_PREPROCESSOR_DEFINITIONS = (
					"DEBUG=1",
					"$(inherited)",
				);
				GCC_WARN_64_TO_32_BIT_CONVERSION = YES;
				GCC_WARN_ABOUT_RETURN_TYPE = YES_ERROR;
				GCC_WARN_UNDECLARED_SELECTOR = YES;
				GCC_WARN_UNINITIALIZED_AUTOS = YES_AGGRESSIVE;
				GCC_WARN_UNUSED_FUNCTION = YES;
				GCC_WARN_UNUSED_VARIABLE = YES;
				IPHONEOS_DEPLOYMENT_TARGET = 13.6;
				MTL_ENABLE_DEBUG_INFO = INCLUDE_SOURCE;
				MTL_FAST_MATH = YES;
				ONLY_ACTIVE_ARCH = YES;
				SDKROOT = iphoneos;
				SWIFT_ACTIVE_COMPILATION_CONDITIONS = DEBUG;
				SWIFT_OPTIMIZATION_LEVEL = "-Onone";
			};
			name = Debug;
		};
		01B27CDC24E996C200BC942E /* Release */ = {
			isa = XCBuildConfiguration;
			buildSettings = {
				ALWAYS_SEARCH_USER_PATHS = NO;
				CLANG_ANALYZER_NONNULL = YES;
				CLANG_ANALYZER_NUMBER_OBJECT_CONVERSION = YES_AGGRESSIVE;
				CLANG_CXX_LANGUAGE_STANDARD = "gnu++14";
				CLANG_CXX_LIBRARY = "libc++";
				CLANG_ENABLE_MODULES = YES;
				CLANG_ENABLE_OBJC_ARC = YES;
				CLANG_ENABLE_OBJC_WEAK = YES;
				CLANG_WARN_BLOCK_CAPTURE_AUTORELEASING = YES;
				CLANG_WARN_BOOL_CONVERSION = YES;
				CLANG_WARN_COMMA = YES;
				CLANG_WARN_CONSTANT_CONVERSION = YES;
				CLANG_WARN_DEPRECATED_OBJC_IMPLEMENTATIONS = YES;
				CLANG_WARN_DIRECT_OBJC_ISA_USAGE = YES_ERROR;
				CLANG_WARN_DOCUMENTATION_COMMENTS = YES;
				CLANG_WARN_EMPTY_BODY = YES;
				CLANG_WARN_ENUM_CONVERSION = YES;
				CLANG_WARN_INFINITE_RECURSION = YES;
				CLANG_WARN_INT_CONVERSION = YES;
				CLANG_WARN_NON_LITERAL_NULL_CONVERSION = YES;
				CLANG_WARN_OBJC_IMPLICIT_RETAIN_SELF = YES;
				CLANG_WARN_OBJC_LITERAL_CONVERSION = YES;
				CLANG_WARN_OBJC_ROOT_CLASS = YES_ERROR;
				CLANG_WARN_RANGE_LOOP_ANALYSIS = YES;
				CLANG_WARN_STRICT_PROTOTYPES = YES;
				CLANG_WARN_SUSPICIOUS_MOVE = YES;
				CLANG_WARN_UNGUARDED_AVAILABILITY = YES_AGGRESSIVE;
				CLANG_WARN_UNREACHABLE_CODE = YES;
				CLANG_WARN__DUPLICATE_METHOD_MATCH = YES;
				COPY_PHASE_STRIP = NO;
				DEBUG_INFORMATION_FORMAT = "dwarf-with-dsym";
				ENABLE_NS_ASSERTIONS = NO;
				ENABLE_STRICT_OBJC_MSGSEND = YES;
				GCC_C_LANGUAGE_STANDARD = gnu11;
				GCC_NO_COMMON_BLOCKS = YES;
				GCC_WARN_64_TO_32_BIT_CONVERSION = YES;
				GCC_WARN_ABOUT_RETURN_TYPE = YES_ERROR;
				GCC_WARN_UNDECLARED_SELECTOR = YES;
				GCC_WARN_UNINITIALIZED_AUTOS = YES_AGGRESSIVE;
				GCC_WARN_UNUSED_FUNCTION = YES;
				GCC_WARN_UNUSED_VARIABLE = YES;
				IPHONEOS_DEPLOYMENT_TARGET = 13.6;
				MTL_ENABLE_DEBUG_INFO = NO;
				MTL_FAST_MATH = YES;
				SDKROOT = iphoneos;
				SWIFT_COMPILATION_MODE = wholemodule;
				SWIFT_OPTIMIZATION_LEVEL = "-O";
				VALIDATE_PRODUCT = YES;
			};
			name = Release;
		};
		01B27CDE24E996C200BC942E /* Debug */ = {
			isa = XCBuildConfiguration;
			baseConfigurationReference = D2554B02827FF4AE71B61D78 /* Pods-link-manager.debug.xcconfig */;
			buildSettings = {
				ASSETCATALOG_COMPILER_APPICON_NAME = AppIcon;
				CODE_SIGN_STYLE = Automatic;
				DEVELOPMENT_ASSET_PATHS = "\"link-manager/Preview Content\"";
				DEVELOPMENT_TEAM = N99A873QRC;
				ENABLE_PREVIEWS = YES;
				INFOPLIST_FILE = "link-manager/Info.plist";
				LD_RUNPATH_SEARCH_PATHS = (
					"$(inherited)",
					"@executable_path/Frameworks",
				);
				PRODUCT_BUNDLE_IDENTIFIER = "com.bt.link-manager";
				PRODUCT_NAME = "$(TARGET_NAME)";
				SWIFT_VERSION = 5.0;
				TARGETED_DEVICE_FAMILY = "1,2";
			};
			name = Debug;
		};
		01B27CDF24E996C200BC942E /* Release */ = {
			isa = XCBuildConfiguration;
			baseConfigurationReference = C44676AEDED0E2CC1B89F384 /* Pods-link-manager.release.xcconfig */;
			buildSettings = {
				ASSETCATALOG_COMPILER_APPICON_NAME = AppIcon;
				CODE_SIGN_STYLE = Automatic;
				DEVELOPMENT_ASSET_PATHS = "\"link-manager/Preview Content\"";
				DEVELOPMENT_TEAM = N99A873QRC;
				ENABLE_PREVIEWS = YES;
				INFOPLIST_FILE = "link-manager/Info.plist";
				LD_RUNPATH_SEARCH_PATHS = (
					"$(inherited)",
					"@executable_path/Frameworks",
				);
				PRODUCT_BUNDLE_IDENTIFIER = "com.bt.link-manager";
				PRODUCT_NAME = "$(TARGET_NAME)";
				SWIFT_VERSION = 5.0;
				TARGETED_DEVICE_FAMILY = "1,2";
			};
			name = Release;
		};
/* End XCBuildConfiguration section */

/* Begin XCConfigurationList section */
		01B27CC424E996C000BC942E /* Build configuration list for PBXProject "link-manager" */ = {
			isa = XCConfigurationList;
			buildConfigurations = (
				01B27CDB24E996C200BC942E /* Debug */,
				01B27CDC24E996C200BC942E /* Release */,
			);
			defaultConfigurationIsVisible = 0;
			defaultConfigurationName = Release;
		};
		01B27CDD24E996C200BC942E /* Build configuration list for PBXNativeTarget "link-manager" */ = {
			isa = XCConfigurationList;
			buildConfigurations = (
				01B27CDE24E996C200BC942E /* Debug */,
				01B27CDF24E996C200BC942E /* Release */,
			);
			defaultConfigurationIsVisible = 0;
			defaultConfigurationName = Release;
		};
/* End XCConfigurationList section */

/* Begin XCRemoteSwiftPackageReference section */
		01163B5324EB1C15001679B1 /* XCRemoteSwiftPackageReference "QGrid" */ = {
			isa = XCRemoteSwiftPackageReference;
			repositoryURL = "https://github.com/Q-Mobile/QGrid";
			requirement = {
				kind = upToNextMajorVersion;
				minimumVersion = 0.1.4;
			};
		};
/* End XCRemoteSwiftPackageReference section */

/* Begin XCSwiftPackageProductDependency section */
		01163B5424EB1C15001679B1 /* QGrid */ = {
			isa = XCSwiftPackageProductDependency;
			package = 01163B5324EB1C15001679B1 /* XCRemoteSwiftPackageReference "QGrid" */;
			productName = QGrid;
		};
/* End XCSwiftPackageProductDependency section */
	};
	rootObject = 01B27CC124E996C000BC942E /* Project object */;
}
